
Microsoft Visual Studio Solution File, Format Version 12.00
# Visual Studio Version 17
VisualStudioVersion = 17.10.35004.147
MinimumVisualStudioVersion = 10.0.40219.1
Project("{FAE04EC0-301F-11D3-BF4B-00C04F79EFBC}") = "WindowsSerial2", "WindowsSerial2\WindowsSerial2.csproj", "{244BE6DC-0FDB-4774-A9A7-49E1CE7A0C3E}"
EndProject
Global
	GlobalSection(SolutionConfigurationPlatforms) = preSolution
		Debug|Any CPU = Debug|Any CPU
		Release|Any CPU = Release|Any CPU
	EndGlobalSection
	GlobalSection(ProjectConfigurationPlatforms) = postSolution
		{244BE6DC-0FDB-4774-A9A7-49E1CE7A0C3E}.Debug|Any CPU.ActiveCfg = Debug|Any CPU
		{244BE6DC-0FDB-4774-A9A7-49E1CE7A0C3E}.Debug|Any CPU.Build.0 = Debug|Any CPU
		{244BE6DC-0FDB-4774-A9A7-49E1CE7A0C3E}.Release|Any CPU.ActiveCfg = Release|Any CPU
		{244BE6DC-0FDB-4774-A9A7-49E1CE7A0C3E}.Release|Any CPU.Build.0 = Release|Any CPU
	EndGlobalSection
	GlobalSection(SolutionProperties) = preSolution
		HideSolutionNode = FALSE
	EndGlobalSection
	GlobalSection(ExtensibilityGlobals) = postSolution
		SolutionGuid = {D041E0B8-F7B2-464C-B16B-AE564D31B57D}
	EndGlobalSection
EndGlobal
